
Microsoft Visual Studio Solution File, Format Version 12.00
# Visual Studio Version 16
VisualStudioVersion = 16.0.31729.503
MinimumVisualStudioVersion = 10.0.40219.1
Project("{FAE04EC0-301F-11D3-BF4B-00C04F79EFBC}") = "miscellaneous-feature", "miscellaneous-feature\miscellaneous-feature.csproj", "{CC813663-49AE-4CA9-9010-EB47D49BFA7B}"
EndProject
Global
	GlobalSection(SolutionConfigurationPlatforms) = preSolution
		Debug|Any CPU = Debug|Any CPU
		Release|Any CPU = Release|Any CPU
	EndGlobalSection
	GlobalSection(ProjectConfigurationPlatforms) = postSolution
		{CC813663-49AE-4CA9-9010-EB47D49BFA7B}.Debug|Any CPU.ActiveCfg = Debug|Any CPU
		{CC813663-49AE-4CA9-9010-EB47D49BFA7B}.Debug|Any CPU.Build.0 = Debug|Any CPU
		{CC813663-49AE-4CA9-9010-EB47D49BFA7B}.Release|Any CPU.ActiveCfg = Release|Any CPU
		{CC813663-49AE-4CA9-9010-EB47D49BFA7B}.Release|Any CPU.Build.0 = Release|Any CPU
	EndGlobalSection
	GlobalSection(SolutionProperties) = preSolution
		HideSolutionNode = FALSE
	EndGlobalSection
	GlobalSection(ExtensibilityGlobals) = postSolution
		SolutionGuid = {EBB5903A-6318-4956-9AD4-E5B3094FC040}
	EndGlobalSection
EndGlobal
